
Microsoft Visual Studio Solution File, Format Version 12.00
# Visual Studio Version 16
VisualStudioVersion = 16.0.31829.152
MinimumVisualStudioVersion = 10.0.40219.1
Project("{FAE04EC0-301F-11D3-BF4B-00C04F79EFBC}") = "Proxy", "Proxy\Proxy.csproj", "{530D0C23-5A9D-47BA-9825-4BD694E9EF7E}"
EndProject
Global
	GlobalSection(SolutionConfigurationPlatforms) = preSolution
		Debug|Any CPU = Debug|Any CPU
		Release|Any CPU = Release|Any CPU
	EndGlobalSection
	GlobalSection(ProjectConfigurationPlatforms) = postSolution
		{530D0C23-5A9D-47BA-9825-4BD694E9EF7E}.Debug|Any CPU.ActiveCfg = Debug|Any CPU
		{530D0C23-5A9D-47BA-9825-4BD694E9EF7E}.Debug|Any CPU.Build.0 = Debug|Any CPU
		{530D0C23-5A9D-47BA-9825-4BD694E9EF7E}.Release|Any CPU.ActiveCfg = Release|Any CPU
		{530D0C23-5A9D-47BA-9825-4BD694E9EF7E}.Release|Any CPU.Build.0 = Release|Any CPU
	EndGlobalSection
	GlobalSection(SolutionProperties) = preSolution
		HideSolutionNode = FALSE
	EndGlobalSection
	GlobalSection(ExtensibilityGlobals) = postSolution
		SolutionGuid = {16026A9D-F547-41EE-956C-3F64E35FC242}
	EndGlobalSection
EndGlobal
